
Microsoft Visual Studio Solution File, Format Version 12.00
# Visual Studio Version 17
VisualStudioVersion = 17.0.31903.59
MinimumVisualStudioVersion = 10.0.40219.1
Project("{9A19103F-16F7-4668-BE54-9A1E7A4F7556}") = "WebApi", "WebApi\WebApi.csproj", "{9428C4EB-729B-45B9-93BF-62A3F67CFC6B}"
EndProject
Project("{2150E333-8FDC-42A3-9474-1A3956D46DE8}") = "Tests", "Tests", "{5FB7CF66-CABD-4C3B-BCA9-201E7BD711FA}"
EndProject
Project("{9A19103F-16F7-4668-BE54-9A1E7A4F7556}") = "WebApi.UnitTests", "Tests\WebApi.UnitTests\WebApi.UnitTests.csproj", "{26A81708-DEFA-4B40-95F5-046242592185}"
EndProject
Global
	GlobalSection(SolutionConfigurationPlatforms) = preSolution
		Debug|Any CPU = Debug|Any CPU
		Release|Any CPU = Release|Any CPU
	EndGlobalSection
	GlobalSection(ProjectConfigurationPlatforms) = postSolution
		{9428C4EB-729B-45B9-93BF-62A3F67CFC6B}.Debug|Any CPU.ActiveCfg = Debug|Any CPU
		{9428C4EB-729B-45B9-93BF-62A3F67CFC6B}.Debug|Any CPU.Build.0 = Debug|Any CPU
		{9428C4EB-729B-45B9-93BF-62A3F67CFC6B}.Release|Any CPU.ActiveCfg = Release|Any CPU
		{9428C4EB-729B-45B9-93BF-62A3F67CFC6B}.Release|Any CPU.Build.0 = Release|Any CPU
		{26A81708-DEFA-4B40-95F5-046242592185}.Debug|Any CPU.ActiveCfg = Debug|Any CPU
		{26A81708-DEFA-4B40-95F5-046242592185}.Debug|Any CPU.Build.0 = Debug|Any CPU
		{26A81708-DEFA-4B40-95F5-046242592185}.Release|Any CPU.ActiveCfg = Release|Any CPU
		{26A81708-DEFA-4B40-95F5-046242592185}.Release|Any CPU.Build.0 = Release|Any CPU
	EndGlobalSection
	GlobalSection(SolutionProperties) = preSolution
		HideSolutionNode = FALSE
	EndGlobalSection
	GlobalSection(NestedProjects) = preSolution
		{26A81708-DEFA-4B40-95F5-046242592185} = {5FB7CF66-CABD-4C3B-BCA9-201E7BD711FA}
	EndGlobalSection
	GlobalSection(ExtensibilityGlobals) = postSolution
		SolutionGuid = {C3EFD955-D1F4-4408-8FAD-114DE227F7D5}
	EndGlobalSection
EndGlobal
